// !$*UTF8*$!
{
	archiveVersion = 1;
	classes = {
	};
	objectVersion = 46;
	objects = {

/* Begin PBXBuildFile section */
		FF94EEF71846824600DFEE3F /* Foundation.framework in Frameworks */ = {isa = PBXBuildFile; fileRef = FF94EEF61846824600DFEE3F /* Foundation.framework */; };
		FF94EEF91846824600DFEE3F /* CoreGraphics.framework in Frameworks */ = {isa = PBXBuildFile; fileRef = FF94EEF81846824600DFEE3F /* CoreGraphics.framework */; };
		FF94EEFB1846824600DFEE3F /* UIKit.framework in Frameworks */ = {isa = PBXBuildFile; fileRef = FF94EEFA1846824600DFEE3F /* UIKit.framework */; };
		FF94EF011846824600DFEE3F /* InfoPlist.strings in Resources */ = {isa = PBXBuildFile; fileRef = FF94EEFF1846824600DFEE3F /* InfoPlist.strings */; };
		FF94EF031846824600DFEE3F /* main.m in Sources */ = {isa = PBXBuildFile; fileRef = FF94EF021846824600DFEE3F /* main.m */; };
		FF94EF071846824700DFEE3F /* PeerAppDelegate.m in Sources */ = {isa = PBXBuildFile; fileRef = FF94EF061846824700DFEE3F /* PeerAppDelegate.m */; };
		FF94EF0A1846824700DFEE3F /* Main.storyboard in Resources */ = {isa = PBXBuildFile; fileRef = FF94EF081846824700DFEE3F /* Main.storyboard */; };
		FF94EF0D1846824700DFEE3F /* PeerMainViewController.m in Sources */ = {isa = PBXBuildFile; fileRef = FF94EF0C1846824700DFEE3F /* PeerMainViewController.m */; };
		FF94EF101846824700DFEE3F /* PeerFlipsideViewController.m in Sources */ = {isa = PBXBuildFile; fileRef = FF94EF0F1846824700DFEE3F /* PeerFlipsideViewController.m */; };
		FF94EF121846824700DFEE3F /* Images.xcassets in Resources */ = {isa = PBXBuildFile; fileRef = FF94EF111846824700DFEE3F /* Images.xcassets */; };
		FF94EF191846824700DFEE3F /* XCTest.framework in Frameworks */ = {isa = PBXBuildFile; fileRef = FF94EF181846824700DFEE3F /* XCTest.framework */; };
		FF94EF1A1846824700DFEE3F /* Foundation.framework in Frameworks */ = {isa = PBXBuildFile; fileRef = FF94EEF61846824600DFEE3F /* Foundation.framework */; };
		FF94EF1B1846824700DFEE3F /* UIKit.framework in Frameworks */ = {isa = PBXBuildFile; fileRef = FF94EEFA1846824600DFEE3F /* UIKit.framework */; };
		FF94EF231846824700DFEE3F /* InfoPlist.strings in Resources */ = {isa = PBXBuildFile; fileRef = FF94EF211846824700DFEE3F /* InfoPlist.strings */; };
		FF94EF251846824700DFEE3F /* PeerTests.m in Sources */ = {isa = PBXBuildFile; fileRef = FF94EF241846824700DFEE3F /* PeerTests.m */; };
/* End PBXBuildFile section */

/* Begin PBXContainerItemProxy section */
		FF94EF1C1846824700DFEE3F /* PBXContainerItemProxy */ = {
			isa = PBXContainerItemProxy;
			containerPortal = FF94EEEB1846824600DFEE3F /* Project object */;
			proxyType = 1;
			remoteGlobalIDString = FF94EEF21846824600DFEE3F;
			remoteInfo = Peer;
		};
/* End PBXContainerItemProxy section */

/* Begin PBXFileReference section */
		FF94EEF31846824600DFEE3F /* Peer.app */ = {isa = PBXFileReference; explicitFileType = wrapper.application; includeInIndex = 0; path = Peer.app; sourceTree = BUILT_PRODUCTS_DIR; };
		FF94EEF61846824600DFEE3F /* Foundation.framework */ = {isa = PBXFileReference; lastKnownFileType = wrapper.framework; name = Foundation.framework; path = System/Library/Frameworks/Foundation.framework; sourceTree = SDKROOT; };
		FF94EEF81846824600DFEE3F /* CoreGraphics.framework */ = {isa = PBXFileReference; lastKnownFileType = wrapper.framework; name = CoreGraphics.framework; path = System/Library/Frameworks/CoreGraphics.framework; sourceTree = SDKROOT; };
		FF94EEFA1846824600DFEE3F /* UIKit.framework */ = {isa = PBXFileReference; lastKnownFileType = wrapper.framework; name = UIKit.framework; path = System/Library/Frameworks/UIKit.framework; sourceTree = SDKROOT; };
		FF94EEFE1846824600DFEE3F /* Peer-Info.plist */ = {isa = PBXFileReference; lastKnownFileType = text.plist.xml; path = "Peer-Info.plist"; sourceTree = "<group>"; };
		FF94EF001846824600DFEE3F /* en */ = {isa = PBXFileReference; lastKnownFileType = text.plist.strings; name = en; path = en.lproj/InfoPlist.strings; sourceTree = "<group>"; };
		FF94EF021846824600DFEE3F /* main.m */ = {isa = PBXFileReference; lastKnownFileType = sourcecode.c.objc; path = main.m; sourceTree = "<group>"; };
		FF94EF041846824600DFEE3F /* Peer-Prefix.pch */ = {isa = PBXFileReference; lastKnownFileType = sourcecode.c.h; path = "Peer-Prefix.pch"; sourceTree = "<group>"; };
		FF94EF051846824600DFEE3F /* PeerAppDelegate.h */ = {isa = PBXFileReference; lastKnownFileType = sourcecode.c.h; path = PeerAppDelegate.h; sourceTree = "<group>"; };
		FF94EF061846824700DFEE3F /* PeerAppDelegate.m */ = {isa = PBXFileReference; lastKnownFileType = sourcecode.c.objc; path = PeerAppDelegate.m; sourceTree = "<group>"; };
		FF94EF091846824700DFEE3F /* Base */ = {isa = PBXFileReference; lastKnownFileType = file.storyboard; name = Base; path = Base.lproj/Main.storyboard; sourceTree = "<group>"; };
		FF94EF0B1846824700DFEE3F /* PeerMainViewController.h */ = {isa = PBXFileReference; lastKnownFileType = sourcecode.c.h; path = PeerMainViewController.h; sourceTree = "<group>"; };
		FF94EF0C1846824700DFEE3F /* PeerMainViewController.m */ = {isa = PBXFileReference; lastKnownFileType = sourcecode.c.objc; path = PeerMainViewController.m; sourceTree = "<group>"; };
		FF94EF0E1846824700DFEE3F /* PeerFlipsideViewController.h */ = {isa = PBXFileReference; lastKnownFileType = sourcecode.c.h; path = PeerFlipsideViewController.h; sourceTree = "<group>"; };
		FF94EF0F1846824700DFEE3F /* PeerFlipsideViewController.m */ = {isa = PBXFileReference; lastKnownFileType = sourcecode.c.objc; path = PeerFlipsideViewController.m; sourceTree = "<group>"; };
		FF94EF111846824700DFEE3F /* Images.xcassets */ = {isa = PBXFileReference; lastKnownFileType = folder.assetcatalog; path = Images.xcassets; sourceTree = "<group>"; };
		FF94EF171846824700DFEE3F /* PeerTests.xctest */ = {isa = PBXFileReference; explicitFileType = wrapper.cfbundle; includeInIndex = 0; path = PeerTests.xctest; sourceTree = BUILT_PRODUCTS_DIR; };
		FF94EF181846824700DFEE3F /* XCTest.framework */ = {isa = PBXFileReference; lastKnownFileType = wrapper.framework; name = XCTest.framework; path = Library/Frameworks/XCTest.framework; sourceTree = DEVELOPER_DIR; };
		FF94EF201846824700DFEE3F /* PeerTests-Info.plist */ = {isa = PBXFileReference; lastKnownFileType = text.plist.xml; path = "PeerTests-Info.plist"; sourceTree = "<group>"; };
		FF94EF221846824700DFEE3F /* en */ = {isa = PBXFileReference; lastKnownFileType = text.plist.strings; name = en; path = en.lproj/InfoPlist.strings; sourceTree = "<group>"; };
		FF94EF241846824700DFEE3F /* PeerTests.m */ = {isa = PBXFileReference; lastKnownFileType = sourcecode.c.objc; path = PeerTests.m; sourceTree = "<group>"; };
/* End PBXFileReference section */

/* Begin PBXFrameworksBuildPhase section */
		FF94EEF01846824600DFEE3F /* Frameworks */ = {
			isa = PBXFrameworksBuildPhase;
			buildActionMask = 2147483647;
			files = (
				FF94EEF91846824600DFEE3F /* CoreGraphics.framework in Frameworks */,
				FF94EEFB1846824600DFEE3F /* UIKit.framework in Frameworks */,
				FF94EEF71846824600DFEE3F /* Foundation.framework in Frameworks */,
			);
			runOnlyForDeploymentPostprocessing = 0;
		};
		FF94EF141846824700DFEE3F /* Frameworks */ = {
			isa = PBXFrameworksBuildPhase;
			buildActionMask = 2147483647;
			files = (
				FF94EF191846824700DFEE3F /* XCTest.framework in Frameworks */,
				FF94EF1B1846824700DFEE3F /* UIKit.framework in Frameworks */,
				FF94EF1A1846824700DFEE3F /* Foundation.framework in Frameworks */,
			);
			runOnlyForDeploymentPostprocessing = 0;
		};
/* End PBXFrameworksBuildPhase section */

/* Begin PBXGroup section */
		FF94EEEA1846824600DFEE3F = {
			isa = PBXGroup;
			children = (
				FF94EEFC1846824600DFEE3F /* Peer */,
				FF94EF1E1846824700DFEE3F /* PeerTests */,
				FF94EEF51846824600DFEE3F /* Frameworks */,
				FF94EEF41846824600DFEE3F /* Products */,
			);
			sourceTree = "<group>";
		};
		FF94EEF41846824600DFEE3F /* Products */ = {
			isa = PBXGroup;
			children = (
				FF94EEF31846824600DFEE3F /* Peer.app */,
				FF94EF171846824700DFEE3F /* PeerTests.xctest */,
			);
			name = Products;
			sourceTree = "<group>";
		};
		FF94EEF51846824600DFEE3F /* Frameworks */ = {
			isa = PBXGroup;
			children = (
				FF94EEF61846824600DFEE3F /* Foundation.framework */,
				FF94EEF81846824600DFEE3F /* CoreGraphics.framework */,
				FF94EEFA1846824600DFEE3F /* UIKit.framework */,
				FF94EF181846824700DFEE3F /* XCTest.framework */,
			);
			name = Frameworks;
			sourceTree = "<group>";
		};
		FF94EEFC1846824600DFEE3F /* Peer */ = {
			isa = PBXGroup;
			children = (
				FF94EF051846824600DFEE3F /* PeerAppDelegate.h */,
				FF94EF061846824700DFEE3F /* PeerAppDelegate.m */,
				FF94EF081846824700DFEE3F /* Main.storyboard */,
				FF94EF0B1846824700DFEE3F /* PeerMainViewController.h */,
				FF94EF0C1846824700DFEE3F /* PeerMainViewController.m */,
				FF94EF0E1846824700DFEE3F /* PeerFlipsideViewController.h */,
				FF94EF0F1846824700DFEE3F /* PeerFlipsideViewController.m */,
				FF94EF111846824700DFEE3F /* Images.xcassets */,
				FF94EEFD1846824600DFEE3F /* Supporting Files */,
			);
			path = Peer;
			sourceTree = "<group>";
		};
		FF94EEFD1846824600DFEE3F /* Supporting Files */ = {
			isa = PBXGroup;
			children = (
				FF94EEFE1846824600DFEE3F /* Peer-Info.plist */,
				FF94EEFF1846824600DFEE3F /* InfoPlist.strings */,
				FF94EF021846824600DFEE3F /* main.m */,
				FF94EF041846824600DFEE3F /* Peer-Prefix.pch */,
			);
			name = "Supporting Files";
			sourceTree = "<group>";
		};
		FF94EF1E1846824700DFEE3F /* PeerTests */ = {
			isa = PBXGroup;
			children = (
				FF94EF241846824700DFEE3F /* PeerTests.m */,
				FF94EF1F1846824700DFEE3F /* Supporting Files */,
			);
			path = PeerTests;
			sourceTree = "<group>";
		};
		FF94EF1F1846824700DFEE3F /* Supporting Files */ = {
			isa = PBXGroup;
			children = (
				FF94EF201846824700DFEE3F /* PeerTests-Info.plist */,
				FF94EF211846824700DFEE3F /* InfoPlist.strings */,
			);
			name = "Supporting Files";
			sourceTree = "<group>";
		};
/* End PBXGroup section */

/* Begin PBXNativeTarget section */
		FF94EEF21846824600DFEE3F /* Peer */ = {
			isa = PBXNativeTarget;
			buildConfigurationList = FF94EF281846824700DFEE3F /* Build configuration list for PBXNativeTarget "Peer" */;
			buildPhases = (
				FF94EEEF1846824600DFEE3F /* Sources */,
				FF94EEF01846824600DFEE3F /* Frameworks */,
				FF94EEF11846824600DFEE3F /* Resources */,
			);
			buildRules = (
			);
			dependencies = (
			);
			name = Peer;
			productName = Peer;
			productReference = FF94EEF31846824600DFEE3F /* Peer.app */;
			productType = "com.apple.product-type.application";
		};
		FF94EF161846824700DFEE3F /* PeerTests */ = {
			isa = PBXNativeTarget;
			buildConfigurationList = FF94EF2B1846824700DFEE3F /* Build configuration list for PBXNativeTarget "PeerTests" */;
			buildPhases = (
				FF94EF131846824700DFEE3F /* Sources */,
				FF94EF141846824700DFEE3F /* Frameworks */,
				FF94EF151846824700DFEE3F /* Resources */,
			);
			buildRules = (
			);
			dependencies = (
				FF94EF1D1846824700DFEE3F /* PBXTargetDependency */,
			);
			name = PeerTests;
			productName = PeerTests;
			productReference = FF94EF171846824700DFEE3F /* PeerTests.xctest */;
			productType = "com.apple.product-type.bundle.unit-test";
		};
/* End PBXNativeTarget section */

/* Begin PBXProject section */
		FF94EEEB1846824600DFEE3F /* Project object */ = {
			isa = PBXProject;
			attributes = {
				CLASSPREFIX = Peer;
				LastUpgradeCheck = 0500;
				ORGANIZATIONNAME = "Newton Japan";
				TargetAttributes = {
					FF94EF161846824700DFEE3F = {
						TestTargetID = FF94EEF21846824600DFEE3F;
					};
				};
			};
			buildConfigurationList = FF94EEEE1846824600DFEE3F /* Build configuration list for PBXProject "Peer" */;
			compatibilityVersion = "Xcode 3.2";
			developmentRegion = English;
			hasScannedForEncodings = 0;
			knownRegions = (
				en,
				Base,
			);
			mainGroup = FF94EEEA1846824600DFEE3F;
			productRefGroup = FF94EEF41846824600DFEE3F /* Products */;
			projectDirPath = "";
			projectRoot = "";
			targets = (
				FF94EEF21846824600DFEE3F /* Peer */,
				FF94EF161846824700DFEE3F /* PeerTests */,
			);
		};
/* End PBXProject section */

/* Begin PBXResourcesBuildPhase section */
		FF94EEF11846824600DFEE3F /* Resources */ = {
			isa = PBXResourcesBuildPhase;
			buildActionMask = 2147483647;
			files = (
				FF94EF121846824700DFEE3F /* Images.xcassets in Resources */,
				FF94EF011846824600DFEE3F /* InfoPlist.strings in Resources */,
				FF94EF0A1846824700DFEE3F /* Main.storyboard in Resources */,
			);
			runOnlyForDeploymentPostprocessing = 0;
		};
		FF94EF151846824700DFEE3F /* Resources */ = {
			isa = PBXResourcesBuildPhase;
			buildActionMask = 2147483647;
			files = (
				FF94EF231846824700DFEE3F /* InfoPlist.strings in Resources */,
			);
			runOnlyForDeploymentPostprocessing = 0;
		};
/* End PBXResourcesBuildPhase section */

/* Begin PBXSourcesBuildPhase section */
		FF94EEEF1846824600DFEE3F /* Sources */ = {
			isa = PBXSourcesBuildPhase;
			buildActionMask = 2147483647;
			files = (
				FF94EF0D1846824700DFEE3F /* PeerMainViewController.m in Sources */,
				FF94EF071846824700DFEE3F /* PeerAppDelegate.m in Sources */,
				FF94EF101846824700DFEE3F /* PeerFlipsideViewController.m in Sources */,
				FF94EF031846824600DFEE3F /* main.m in Sources */,
			);
			runOnlyForDeploymentPostprocessing = 0;
		};
		FF94EF131846824700DFEE3F /* Sources */ = {
			isa = PBXSourcesBuildPhase;
			buildActionMask = 2147483647;
			files = (
				FF94EF251846824700DFEE3F /* PeerTests.m in Sources */,
			);
			runOnlyForDeploymentPostprocessing = 0;
		};
/* End PBXSourcesBuildPhase section */

/* Begin PBXTargetDependency section */
		FF94EF1D1846824700DFEE3F /* PBXTargetDependency */ = {
			isa = PBXTargetDependency;
			target = FF94EEF21846824600DFEE3F /* Peer */;
			targetProxy = FF94EF1C1846824700DFEE3F /* PBXContainerItemProxy */;
		};
/* End PBXTargetDependency section */

/* Begin PBXVariantGroup section */
		FF94EEFF1846824600DFEE3F /* InfoPlist.strings */ = {
			isa = PBXVariantGroup;
			children = (
				FF94EF001846824600DFEE3F /* en */,
			);
			name = InfoPlist.strings;
			sourceTree = "<group>";
		};
		FF94EF081846824700DFEE3F /* Main.storyboard */ = {
			isa = PBXVariantGroup;
			children = (
				FF94EF091846824700DFEE3F /* Base */,
			);
			name = Main.storyboard;
			sourceTree = "<group>";
		};
		FF94EF211846824700DFEE3F /* InfoPlist.strings */ = {
			isa = PBXVariantGroup;
			children = (
				FF94EF221846824700DFEE3F /* en */,
			);
			name = InfoPlist.strings;
			sourceTree = "<group>";
		};
/* End PBXVariantGroup section */

/* Begin XCBuildConfiguration section */
		FF94EF261846824700DFEE3F /* Debug */ = {
			isa = XCBuildConfiguration;
			buildSettings = {
				ALWAYS_SEARCH_USER_PATHS = NO;
				ARCHS = "$(ARCHS_STANDARD_INCLUDING_64_BIT)";
				CLANG_CXX_LANGUAGE_STANDARD = "gnu++0x";
				CLANG_CXX_LIBRARY = "libc++";
				CLANG_ENABLE_MODULES = YES;
				CLANG_ENABLE_OBJC_ARC = YES;
				CLANG_WARN_BOOL_CONVERSION = YES;
				CLANG_WARN_CONSTANT_CONVERSION = YES;
				CLANG_WARN_DIRECT_OBJC_ISA_USAGE = YES_ERROR;
				CLANG_WARN_EMPTY_BODY = YES;
				CLANG_WARN_ENUM_CONVERSION = YES;
				CLANG_WARN_INT_CONVERSION = YES;
				CLANG_WARN_OBJC_ROOT_CLASS = YES_ERROR;
				CLANG_WARN__DUPLICATE_METHOD_MATCH = YES;
				"CODE_SIGN_IDENTITY[sdk=iphoneos*]" = "iPhone Developer";
				COPY_PHASE_STRIP = NO;
				GCC_C_LANGUAGE_STANDARD = gnu99;
				GCC_DYNAMIC_NO_PIC = NO;
				GCC_OPTIMIZATION_LEVEL = 0;
				GCC_PREPROCESSOR_DEFINITIONS = (
					"DEBUG=1",
					"$(inherited)",
				);
				GCC_SYMBOLS_PRIVATE_EXTERN = NO;
				GCC_WARN_64_TO_32_BIT_CONVERSION = YES;
				GCC_WARN_ABOUT_RETURN_TYPE = YES_ERROR;
				GCC_WARN_UNDECLARED_SELECTOR = YES;
				GCC_WARN_UNINITIALIZED_AUTOS = YES;
				GCC_WARN_UNUSED_FUNCTION = YES;
				GCC_WARN_UNUSED_VARIABLE = YES;
				IPHONEOS_DEPLOYMENT_TARGET = 7.0;
				ONLY_ACTIVE_ARCH = YES;
				SDKROOT = iphoneos;
			};
			name = Debug;
		};
		FF94EF271846824700DFEE3F /* Release */ = {
			isa = XCBuildConfiguration;
			buildSettings = {
				ALWAYS_SEARCH_USER_PATHS = NO;
				ARCHS = "$(ARCHS_STANDARD_INCLUDING_64_BIT)";
				CLANG_CXX_LANGUAGE_STANDARD = "gnu++0x";
				CLANG_CXX_LIBRARY = "libc++";
				CLANG_ENABLE_MODULES = YES;
				CLANG_ENABLE_OBJC_ARC = YES;
				CLANG_WARN_BOOL_CONVERSION = YES;
				CLANG_WARN_CONSTANT_CONVERSION = YES;
				CLANG_WARN_DIRECT_OBJC_ISA_USAGE = YES_ERROR;
				CLANG_WARN_EMPTY_BODY = YES;
				CLANG_WARN_ENUM_CONVERSION = YES;
				CLANG_WARN_INT_CONVERSION = YES;
				CLANG_WARN_OBJC_ROOT_CLASS = YES_ERROR;
				CLANG_WARN__DUPLICATE_METHOD_MATCH = YES;
				"CODE_SIGN_IDENTITY[sdk=iphoneos*]" = "iPhone Developer";
				COPY_PHASE_STRIP = YES;
				ENABLE_NS_ASSERTIONS = NO;
				GCC_C_LANGUAGE_STANDARD = gnu99;
				GCC_WARN_64_TO_32_BIT_CONVERSION = YES;
				GCC_WARN_ABOUT_RETURN_TYPE = YES_ERROR;
				GCC_WARN_UNDECLARED_SELECTOR = YES;
				GCC_WARN_UNINITIALIZED_AUTOS = YES;
				GCC_WARN_UNUSED_FUNCTION = YES;
				GCC_WARN_UNUSED_VARIABLE = YES;
				IPHONEOS_DEPLOYMENT_TARGET = 7.0;
				SDKROOT = iphoneos;
				VALIDATE_PRODUCT = YES;
			};
			name = Release;
		};
		FF94EF291846824700DFEE3F /* Debug */ = {
			isa = XCBuildConfiguration;
			buildSettings = {
				ASSETCATALOG_COMPILER_APPICON_NAME = AppIcon;
				ASSETCATALOG_COMPILER_LAUNCHIMAGE_NAME = LaunchImage;
				GCC_PRECOMPILE_PREFIX_HEADER = YES;
				GCC_PREFIX_HEADER = "Peer/Peer-Prefix.pch";
				INFOPLIST_FILE = "Peer/Peer-Info.plist";
				PRODUCT_NAME = "$(TARGET_NAME)";
				WRAPPER_EXTENSION = app;
			};
			name = Debug;
		};
		FF94EF2A1846824700DFEE3F /* Release */ = {
			isa = XCBuildConfiguration;
			buildSettings = {
				ASSETCATALOG_COMPILER_APPICON_NAME = AppIcon;
				ASSETCATALOG_COMPILER_LAUNCHIMAGE_NAME = LaunchImage;
				GCC_PRECOMPILE_PREFIX_HEADER = YES;
				GCC_PREFIX_HEADER = "Peer/Peer-Prefix.pch";
				INFOPLIST_FILE = "Peer/Peer-Info.plist";
				PRODUCT_NAME = "$(TARGET_NAME)";
				WRAPPER_EXTENSION = app;
			};
			name = Release;
		};
		FF94EF2C1846824700DFEE3F /* Debug */ = {
			isa = XCBuildConfiguration;
			buildSettings = {
				ARCHS = "$(ARCHS_STANDARD_INCLUDING_64_BIT)";
				BUNDLE_LOADER = "$(BUILT_PRODUCTS_DIR)/Peer.app/Peer";
				FRAMEWORK_SEARCH_PATHS = (
					"$(SDKROOT)/Developer/Library/Frameworks",
					"$(inherited)",
					"$(DEVELOPER_FRAMEWORKS_DIR)",
				);
				GCC_PRECOMPILE_PREFIX_HEADER = YES;
				GCC_PREFIX_HEADER = "Peer/Peer-Prefix.pch";
				GCC_PREPROCESSOR_DEFINITIONS = (
					"DEBUG=1",
					"$(inherited)",
				);
				INFOPLIST_FILE = "PeerTests/PeerTests-Info.plist";
				PRODUCT_NAME = "$(TARGET_NAME)";
				TEST_HOST = "$(BUNDLE_LOADER)";
				WRAPPER_EXTENSION = xctest;
			};
			name = Debug;
		};
		FF94EF2D1846824700DFEE3F /* Release */ = {
			isa = XCBuildConfiguration;
			buildSettings = {
				ARCHS = "$(ARCHS_STANDARD_INCLUDING_64_BIT)";
				BUNDLE_LOADER = "$(BUILT_PRODUCTS_DIR)/Peer.app/Peer";
				FRAMEWORK_SEARCH_PATHS = (
					"$(SDKROOT)/Developer/Library/Frameworks",
					"$(inherited)",
					"$(DEVELOPER_FRAMEWORKS_DIR)",
				);
				GCC_PRECOMPILE_PREFIX_HEADER = YES;
				GCC_PREFIX_HEADER = "Peer/Peer-Prefix.pch";
				INFOPLIST_FILE = "PeerTests/PeerTests-Info.plist";
				PRODUCT_NAME = "$(TARGET_NAME)";
				TEST_HOST = "$(BUNDLE_LOADER)";
				WRAPPER_EXTENSION = xctest;
			};
			name = Release;
		};
/* End XCBuildConfiguration section */

/* Begin XCConfigurationList section */
		FF94EEEE1846824600DFEE3F /* Build configuration list for PBXProject "Peer" */ = {
			isa = XCConfigurationList;
			buildConfigurations = (
				FF94EF261846824700DFEE3F /* Debug */,
				FF94EF271846824700DFEE3F /* Release */,
			);
			defaultConfigurationIsVisible = 0;
			defaultConfigurationName = Release;
		};
		FF94EF281846824700DFEE3F /* Build configuration list for PBXNativeTarget "Peer" */ = {
			isa = XCConfigurationList;
			buildConfigurations = (
				FF94EF291846824700DFEE3F /* Debug */,
				FF94EF2A1846824700DFEE3F /* Release */,
			);
			defaultConfigurationIsVisible = 0;
		};
		FF94EF2B1846824700DFEE3F /* Build configuration list for PBXNativeTarget "PeerTests" */ = {
			isa = XCConfigurationList;
			buildConfigurations = (
				FF94EF2C1846824700DFEE3F /* Debug */,
				FF94EF2D1846824700DFEE3F /* Release */,
			);
			defaultConfigurationIsVisible = 0;
		};
/* End XCConfigurationList section */
	};
	rootObject = FF94EEEB1846824600DFEE3F /* Project object */;
}
